Microsoft Visual Studio Solution File, Format Version 12.00
# Visual Studio Version 17
VisualStudioVersion = 17.5.2.0
MinimumVisualStudioVersion = 10.0.40219.1
Project("{FAE04EC0-301F-11D3-BF4B-00C04F79EFBC}") = "EatWork.Mobile.iOS", "EatWork.Mobile.iOS\EatWork.Mobile.iOS.csproj", "{715F78A1-892E-C3AD-028D-A335B8DB5BE5}"
EndProject
Project("{FAE04EC0-301F-11D3-BF4B-00C04F79EFBC}") = "EatWork.Mobile.UWP", "EatWork.Mobile.UWP\EatWork.Mobile.UWP.csproj", "{22C7A6A9-1C2A-4E29-AEA1-17615218A353}"
EndProject
Project("{FAE04EC0-301F-11D3-BF4B-00C04F79EFBC}") = "EatWork - Backup.Mobile", "EatWork.Mobile\EatWork - Backup.Mobile.csproj", "{E8F8D914-DD92-83DE-8D3A-2129AF8174F5}"
EndProject
Project("{FAE04EC0-301F-11D3-BF4B-00C04F79EFBC}") = "EatWork.Mobile", "EatWork.Mobile\EatWork.Mobile.csproj", "{88ADCACA-B113-A67B-4347-92E2A99B92B0}"
EndProject
Project("{FAE04EC0-301F-11D3-BF4B-00C04F79EFBC}") = "EatWork.Mobile.Android", "EatWork.Mobile.Android\EatWork.Mobile.Android.csproj", "{3548CBFF-9BBE-182E-421D-0CE3EEAFE55B}"
EndProject
Global
	GlobalSection(SolutionConfigurationPlatforms) = preSolution
		Debug|Any CPU = Debug|Any CPU
		Release|Any CPU = Release|Any CPU
	EndGlobalSection
	GlobalSection(ProjectConfigurationPlatforms) = postSolution
		{715F78A1-892E-C3AD-028D-A335B8DB5BE5}.Debug|Any CPU.ActiveCfg = Debug|Any CPU
		{715F78A1-892E-C3AD-028D-A335B8DB5BE5}.Debug|Any CPU.Build.0 = Debug|Any CPU
		{715F78A1-892E-C3AD-028D-A335B8DB5BE5}.Release|Any CPU.ActiveCfg = Release|Any CPU
		{715F78A1-892E-C3AD-028D-A335B8DB5BE5}.Release|Any CPU.Build.0 = Release|Any CPU
		{22C7A6A9-1C2A-4E29-AEA1-17615218A353}.Debug|Any CPU.ActiveCfg = Debug|Any CPU
		{22C7A6A9-1C2A-4E29-AEA1-17615218A353}.Debug|Any CPU.Build.0 = Debug|Any CPU
		{22C7A6A9-1C2A-4E29-AEA1-17615218A353}.Release|Any CPU.ActiveCfg = Release|Any CPU
		{22C7A6A9-1C2A-4E29-AEA1-17615218A353}.Release|Any CPU.Build.0 = Release|Any CPU
		{E8F8D914-DD92-83DE-8D3A-2129AF8174F5}.Debug|Any CPU.ActiveCfg = Debug|Any CPU
		{E8F8D914-DD92-83DE-8D3A-2129AF8174F5}.Debug|Any CPU.Build.0 = Debug|Any CPU
		{E8F8D914-DD92-83DE-8D3A-2129AF8174F5}.Release|Any CPU.ActiveCfg = Release|Any CPU
		{E8F8D914-DD92-83DE-8D3A-2129AF8174F5}.Release|Any CPU.Build.0 = Release|Any CPU
		{88ADCACA-B113-A67B-4347-92E2A99B92B0}.Debug|Any CPU.ActiveCfg = Debug|Any CPU
		{88ADCACA-B113-A67B-4347-92E2A99B92B0}.Debug|Any CPU.Build.0 = Debug|Any CPU
		{88ADCACA-B113-A67B-4347-92E2A99B92B0}.Release|Any CPU.ActiveCfg = Release|Any CPU
		{88ADCACA-B113-A67B-4347-92E2A99B92B0}.Release|Any CPU.Build.0 = Release|Any CPU
		{3548CBFF-9BBE-182E-421D-0CE3EEAFE55B}.Debug|Any CPU.ActiveCfg = Debug|Any CPU
		{3548CBFF-9BBE-182E-421D-0CE3EEAFE55B}.Debug|Any CPU.Build.0 = Debug|Any CPU
		{3548CBFF-9BBE-182E-421D-0CE3EEAFE55B}.Release|Any CPU.ActiveCfg = Release|Any CPU
		{3548CBFF-9BBE-182E-421D-0CE3EEAFE55B}.Release|Any CPU.Build.0 = Release|Any CPU
	EndGlobalSection
	GlobalSection(SolutionProperties) = preSolution
		HideSolutionNode = FALSE
	EndGlobalSection
	GlobalSection(ExtensibilityGlobals) = postSolution
		SolutionGuid = {16FA58CA-F9F0-4EC0-866A-FE49C5237207}
	EndGlobalSection
EndGlobal
